
Microsoft Visual Studio Solution File, Format Version 12.00
# Visual Studio Version 17
VisualStudioVersion = 17.3.32929.385
MinimumVisualStudioVersion = 10.0.40219.1
Project("{888888A0-9F3D-457C-B088-3A5042F75D52}") = "thuongdannhucon", "thuongdannhucon.pyproj", "{F168A202-87B1-4027-BB65-CFC2B42538E0}"
EndProject
Global
	GlobalSection(SolutionConfigurationPlatforms) = preSolution
		Debug|Any CPU = Debug|Any CPU
		Release|Any CPU = Release|Any CPU
	EndGlobalSection
	GlobalSection(ProjectConfigurationPlatforms) = postSolution
		{F168A202-87B1-4027-BB65-CFC2B42538E0}.Debug|Any CPU.ActiveCfg = Debug|Any CPU
		{F168A202-87B1-4027-BB65-CFC2B42538E0}.Release|Any CPU.ActiveCfg = Release|Any CPU
	EndGlobalSection
	GlobalSection(SolutionProperties) = preSolution
		HideSolutionNode = FALSE
	EndGlobalSection
	GlobalSection(ExtensibilityGlobals) = postSolution
		SolutionGuid = {C5403C1F-0DB1-4736-B883-A522F79A8563}
	EndGlobalSection
EndGlobal
